
Microsoft Visual Studio Solution File, Format Version 12.00
# Visual Studio Express 2012 for Windows Desktop
Project("{FAE04EC0-301F-11D3-BF4B-00C04F79EFBC}") = "FunWithGenerics", "FunWithGenerics\FunWithGenerics.csproj", "{512D55F1-6B50-4DCB-8670-1F989008F5A3}"
EndProject
Global
	GlobalSection(SolutionConfigurationPlatforms) = preSolution
		Debug|Any CPU = Debug|Any CPU
		Release|Any CPU = Release|Any CPU
	EndGlobalSection
	GlobalSection(ProjectConfigurationPlatforms) = postSolution
		{512D55F1-6B50-4DCB-8670-1F989008F5A3}.Debug|Any CPU.ActiveCfg = Debug|Any CPU
		{512D55F1-6B50-4DCB-8670-1F989008F5A3}.Debug|Any CPU.Build.0 = Debug|Any CPU
		{512D55F1-6B50-4DCB-8670-1F989008F5A3}.Release|Any CPU.ActiveCfg = Release|Any CPU
		{512D55F1-6B50-4DCB-8670-1F989008F5A3}.Release|Any CPU.Build.0 = Release|Any CPU
	EndGlobalSection
	GlobalSection(SolutionProperties) = preSolution
		HideSolutionNode = FALSE
	EndGlobalSection
EndGlobal
