
Microsoft Visual Studio Solution File, Format Version 12.00
# Visual Studio Express 2012 for Windows Desktop
Project("{FAE04EC0-301F-11D3-BF4B-00C04F79EFBC}") = "FunWithInterfaces", "FunWithInterfaces\FunWithInterfaces.csproj", "{5CC17558-EAB7-437E-8731-E5428659F85E}"
EndProject
Project("{FAE04EC0-301F-11D3-BF4B-00C04F79EFBC}") = "CustomEnumerator", "CustomEnumerator\CustomEnumerator.csproj", "{0A9E0DD4-A24C-40CA-BA2A-4B5666BC134C}"
EndProject
Project("{FAE04EC0-301F-11D3-BF4B-00C04F79EFBC}") = "GetEnumeratorWithYield", "GetEnumeratorWithYield\GetEnumeratorWithYield.csproj", "{1B9EBCF8-E169-42E9-8F0D-A3A52DC244A3}"
EndProject
Project("{FAE04EC0-301F-11D3-BF4B-00C04F79EFBC}") = "CloneablePoint", "CloneablePoint\CloneablePoint.csproj", "{C042DBF7-9803-4DA7-A3EB-BCE16E992492}"
EndProject
Global
	GlobalSection(SolutionConfigurationPlatforms) = preSolution
		Debug|Any CPU = Debug|Any CPU
		Release|Any CPU = Release|Any CPU
	EndGlobalSection
	GlobalSection(ProjectConfigurationPlatforms) = postSolution
		{5CC17558-EAB7-437E-8731-E5428659F85E}.Debug|Any CPU.ActiveCfg = Debug|Any CPU
		{5CC17558-EAB7-437E-8731-E5428659F85E}.Debug|Any CPU.Build.0 = Debug|Any CPU
		{5CC17558-EAB7-437E-8731-E5428659F85E}.Release|Any CPU.ActiveCfg = Release|Any CPU
		{5CC17558-EAB7-437E-8731-E5428659F85E}.Release|Any CPU.Build.0 = Release|Any CPU
		{0A9E0DD4-A24C-40CA-BA2A-4B5666BC134C}.Debug|Any CPU.ActiveCfg = Debug|Any CPU
		{0A9E0DD4-A24C-40CA-BA2A-4B5666BC134C}.Debug|Any CPU.Build.0 = Debug|Any CPU
		{0A9E0DD4-A24C-40CA-BA2A-4B5666BC134C}.Release|Any CPU.ActiveCfg = Release|Any CPU
		{0A9E0DD4-A24C-40CA-BA2A-4B5666BC134C}.Release|Any CPU.Build.0 = Release|Any CPU
		{1B9EBCF8-E169-42E9-8F0D-A3A52DC244A3}.Debug|Any CPU.ActiveCfg = Debug|Any CPU
		{1B9EBCF8-E169-42E9-8F0D-A3A52DC244A3}.Debug|Any CPU.Build.0 = Debug|Any CPU
		{1B9EBCF8-E169-42E9-8F0D-A3A52DC244A3}.Release|Any CPU.ActiveCfg = Release|Any CPU
		{1B9EBCF8-E169-42E9-8F0D-A3A52DC244A3}.Release|Any CPU.Build.0 = Release|Any CPU
		{C042DBF7-9803-4DA7-A3EB-BCE16E992492}.Debug|Any CPU.ActiveCfg = Debug|Any CPU
		{C042DBF7-9803-4DA7-A3EB-BCE16E992492}.Debug|Any CPU.Build.0 = Debug|Any CPU
		{C042DBF7-9803-4DA7-A3EB-BCE16E992492}.Release|Any CPU.ActiveCfg = Release|Any CPU
		{C042DBF7-9803-4DA7-A3EB-BCE16E992492}.Release|Any CPU.Build.0 = Release|Any CPU
	EndGlobalSection
	GlobalSection(SolutionProperties) = preSolution
		HideSolutionNode = FALSE
	EndGlobalSection
EndGlobal
