
Microsoft Visual Studio Solution File, Format Version 12.00
# Visual Studio Express 2012 for Windows Desktop
Project("{FAE04EC0-301F-11D3-BF4B-00C04F79EFBC}") = "StudentsBase", "StudentsBase\StudentsBase.csproj", "{032FA50C-4298-43F4-9540-A2EA0AD78988}"
EndProject
Project("{FAE04EC0-301F-11D3-BF4B-00C04F79EFBC}") = "Priority Queue", "..\Priority Queue\Priority Queue\Priority Queue.csproj", "{61BC79E3-2DD5-4A2C-974C-EA85686C4F53}"
EndProject
Project("{FAE04EC0-301F-11D3-BF4B-00C04F79EFBC}") = "StudentsLib", "StudentsLib\StudentsLib.csproj", "{F3D9C214-B768-4DEB-9C11-4CCCEA0E3314}"
EndProject
Project("{FAE04EC0-301F-11D3-BF4B-00C04F79EFBC}") = "Pattern1", "..\Pattern1\Pattern1.csproj", "{653E536B-F778-4C23-B137-6E8214664187}"
EndProject
Global
	GlobalSection(SolutionConfigurationPlatforms) = preSolution
		Debug|Any CPU = Debug|Any CPU
		Release|Any CPU = Release|Any CPU
	EndGlobalSection
	GlobalSection(ProjectConfigurationPlatforms) = postSolution
		{032FA50C-4298-43F4-9540-A2EA0AD78988}.Debug|Any CPU.ActiveCfg = Debug|Any CPU
		{032FA50C-4298-43F4-9540-A2EA0AD78988}.Debug|Any CPU.Build.0 = Debug|Any CPU
		{032FA50C-4298-43F4-9540-A2EA0AD78988}.Release|Any CPU.ActiveCfg = Release|Any CPU
		{032FA50C-4298-43F4-9540-A2EA0AD78988}.Release|Any CPU.Build.0 = Release|Any CPU
		{61BC79E3-2DD5-4A2C-974C-EA85686C4F53}.Debug|Any CPU.ActiveCfg = Debug|Any CPU
		{61BC79E3-2DD5-4A2C-974C-EA85686C4F53}.Debug|Any CPU.Build.0 = Debug|Any CPU
		{61BC79E3-2DD5-4A2C-974C-EA85686C4F53}.Release|Any CPU.ActiveCfg = Release|Any CPU
		{61BC79E3-2DD5-4A2C-974C-EA85686C4F53}.Release|Any CPU.Build.0 = Release|Any CPU
		{F3D9C214-B768-4DEB-9C11-4CCCEA0E3314}.Debug|Any CPU.ActiveCfg = Debug|Any CPU
		{F3D9C214-B768-4DEB-9C11-4CCCEA0E3314}.Debug|Any CPU.Build.0 = Debug|Any CPU
		{F3D9C214-B768-4DEB-9C11-4CCCEA0E3314}.Release|Any CPU.ActiveCfg = Release|Any CPU
		{F3D9C214-B768-4DEB-9C11-4CCCEA0E3314}.Release|Any CPU.Build.0 = Release|Any CPU
		{653E536B-F778-4C23-B137-6E8214664187}.Debug|Any CPU.ActiveCfg = Debug|Any CPU
		{653E536B-F778-4C23-B137-6E8214664187}.Debug|Any CPU.Build.0 = Debug|Any CPU
		{653E536B-F778-4C23-B137-6E8214664187}.Release|Any CPU.ActiveCfg = Release|Any CPU
		{653E536B-F778-4C23-B137-6E8214664187}.Release|Any CPU.Build.0 = Release|Any CPU
	EndGlobalSection
	GlobalSection(SolutionProperties) = preSolution
		HideSolutionNode = FALSE
	EndGlobalSection
EndGlobal
